schema: '2.0'
stages:
  data_ingestion:
    cmd: python src/data/data_ingestion.py
    deps:
    - path: src/data/data_ingestion.py
      hash: md5
      md5: 93ab0e76c3f0d6c9b0db94897210aeaa
      size: 3507
    params:
      params.yaml:
        data_ingestion.test_size: 0.3
    outs:
    - path: data/raw
      hash: md5
      md5: 03b3b604b1f92a17191a7fc947e576d6.dir
      size: 827973
      nfiles: 2
  data_preprocessing:
    cmd: python src/data/data_preprocessing.py
    deps:
    - path: data/raw
      hash: md5
      md5: 03b3b604b1f92a17191a7fc947e576d6.dir
      size: 827973
      nfiles: 2
    - path: src/data/data_preprocessing.py
      hash: md5
      md5: c1e18bf95fcc1e3d80cae9ee7c4a6383
      size: 4014
    outs:
    - path: data/interim
      hash: md5
      md5: 5dc0cd6aef8578eb36f1b67dc4d67723.dir
      size: 566210
      nfiles: 2
  feature_engineering:
    cmd: python src/features/feature_engineering.py
    deps:
    - path: data/interim
      hash: md5
      md5: 5dc0cd6aef8578eb36f1b67dc4d67723.dir
      size: 566210
      nfiles: 2
    - path: src/features/feature_engineering.py
      hash: md5
      md5: 2c8f96558b3e66b1835ca0aee3c7db0d
      size: 3882
    params:
      params.yaml:
        feature_engineering.max_features: 3500
    outs:
    - path: data/processed
      hash: md5
      md5: 4f73b36f530c87ed1b2a54f1fb88eeb6.dir
      size: 72681916
      nfiles: 2
    - path: model/vectorizer.pkl
      hash: md5
      md5: 3ee9043bb408ad61782c9dcedd1dff85
      size: 97171
  model_building:
    cmd: python src/models/model_building.py
    deps:
    - path: data/processed
      hash: md5
      md5: 4f73b36f530c87ed1b2a54f1fb88eeb6.dir
      size: 72681916
      nfiles: 2
    - path: src/models/model_building.py
      hash: md5
      md5: e9c51bbe3308875d56c0d008471dd9d3
      size: 2372
    outs:
    - path: model/model.pkl
      hash: md5
      md5: 06b676c826e6b13bda2194188b1146ba
      size: 28717
  model_evaluation:
    cmd: python src/models/model_evaluation.py
    deps:
    - path: model/model.pkl
      hash: md5
      md5: 06b676c826e6b13bda2194188b1146ba
      size: 28717
    - path: src/models/model_evaluation.py
      hash: md5
      md5: 1f48a0b6a9d100040313888460d13ab2
      size: 4355
    outs:
    - path: reports/metrics.json
      hash: md5
      md5: 90146a563658b343b73aa683170a245b
      size: 144
    - path: reports/model_info.json
      hash: md5
      md5: a76d6519bc91088af8d042a7860b9e57
      size: 82
  model_registration:
    cmd: python src/models/register_model.py
    deps:
    - path: reports/model_info.json
      hash: md5
      md5: a76d6519bc91088af8d042a7860b9e57
      size: 82
    - path: src/models/register_model.py
      hash: md5
      md5: a225924da6366fe2a5a6b66e755a596b
      size: 1935
