schema: '2.0'
stages:
  data_ingestion:
    cmd: python src/data/data_ingestion.py
    deps:
    - path: notebooks/tweet_emotions.csv
      hash: md5
      md5: 378e50a49c97277f1841a684687c2020
      size: 3768210
    - path: params.yaml
      hash: md5
      md5: 089fef3de6528bd0a206b0954f53e746
      size: 122
    - path: src/data/data_ingestion.py
      hash: md5
      md5: 78864340e43e633fa9dec13960c0a6bf
      size: 3531
    params:
      params.yaml:
        data_ingestion.raw_csv: notebooks/tweet_emotions.csv
        data_ingestion.test_size: 0.2
    outs:
    - path: data/raw
      hash: md5
      md5: fb326d2eec197669f9638afde28356bf.dir
      size: 827973
      nfiles: 2
  data_preprocessing:
    cmd: python src/data/data_preprocessing.py
    deps:
    - path: data/raw
      hash: md5
      md5: fb326d2eec197669f9638afde28356bf.dir
      size: 827973
      nfiles: 2
    - path: src/data/data_preprocessing.py
      hash: md5
      md5: c1e18bf95fcc1e3d80cae9ee7c4a6383
      size: 4014
    outs:
    - path: data/interim
      hash: md5
      md5: ef37afd17951ea8af23114b28d26f784.dir
      size: 566210
      nfiles: 2
  feature_engineering:
    cmd: python src/features/feature_engineering.py
    deps:
    - path: data/interim
      hash: md5
      md5: ef37afd17951ea8af23114b28d26f784.dir
      size: 566210
      nfiles: 2
    - path: src/features/feature_engineering.py
      hash: md5
      md5: 2c8f96558b3e66b1835ca0aee3c7db0d
      size: 3882
    params:
      params.yaml:
        feature_engineering.max_features: 3500
    outs:
    - path: data/processed
      hash: md5
      md5: edf5b6d4b0f6249f3cfe873c99b5b784.dir
      size: 72681916
      nfiles: 2
    - path: model/vectorizer.pkl
      hash: md5
      md5: e6ad681c3e2a69baae5404cfb492b21f
      size: 97108
  model_building:
    cmd: python src/models/model_building.py
    deps:
    - path: data/processed
      hash: md5
      md5: edf5b6d4b0f6249f3cfe873c99b5b784.dir
      size: 72681916
      nfiles: 2
    - path: src/models/model_building.py
      hash: md5
      md5: e9c51bbe3308875d56c0d008471dd9d3
      size: 2372
    outs:
    - path: model/model.pkl
      hash: md5
      md5: 2d48711fb792f6d995bf023d4a6739ea
      size: 28717
  model_evaluation:
    cmd: python src/models/model_evaluation.py
    deps:
    - path: model/model.pkl
      hash: md5
      md5: 06b676c826e6b13bda2194188b1146ba
      size: 28717
    - path: src/models/model_evaluation.py
      hash: md5
      md5: 1f48a0b6a9d100040313888460d13ab2
      size: 4355
    outs:
    - path: reports/metrics.json
      hash: md5
      md5: 90146a563658b343b73aa683170a245b
      size: 144
    - path: reports/model_info.json
      hash: md5
      md5: a76d6519bc91088af8d042a7860b9e57
      size: 82
  model_registration:
    cmd: python src/models/register_model.py
    deps:
    - path: reports/model_info.json
      hash: md5
      md5: a76d6519bc91088af8d042a7860b9e57
      size: 82
    - path: src/models/register_model.py
      hash: md5
      md5: a225924da6366fe2a5a6b66e755a596b
      size: 1935
